Microsoft Visual Studio Solution File, Format Version 12.00
# Visual Studio Version 16
VisualStudioVersion = 16.0.28606.126
MinimumVisualStudioVersion = 10.0.40219.1
Project("{2150E333-8FDC-42A3-9474-1A3956D46DE8}") = "Solution Items", "Solution Items", "{B4B8AF76-3B9F-4D3E-BA9B-F5C157F20B25}"
	ProjectSection(SolutionItems) = preProject
		.editorconfig = .editorconfig
		.gitignore = .gitignore
		CHANGELOG.md = CHANGELOG.md
		common.props = common.props
		deploy.sh = deploy.sh
		LICENSE = LICENSE
		NuGet.Config = NuGet.Config
		QA.md = QA.md
		README.md = README.md
		README.zh-CN.md = README.zh-CN.md
		version.props = version.props
	EndProjectSection
EndProject
Project("{2150E333-8FDC-42A3-9474-1A3956D46DE8}") = "src", "src", "{46CFCDC6-4358-48EB-A901-5618B6530CEE}"
EndProject
Project("{2150E333-8FDC-42A3-9474-1A3956D46DE8}") = "demo", "demo", "{DE184A47-CF5F-41C0-AB7D-CAD0AF2DAE75}"
EndProject
Project("{9A19103F-16F7-4668-BE54-9A1E7A4F7556}") = "WalkingTec.Mvvm.TagHelpers.LayUI", "src\WalkingTec.Mvvm.TagHelpers.LayUI\WalkingTec.Mvvm.TagHelpers.LayUI.csproj", "{0401952E-D2BB-40CB-9F1B-8008BB947631}"
EndProject
Project("{9A19103F-16F7-4668-BE54-9A1E7A4F7556}") = "WalkingTec.Mvvm.Core", "src\WalkingTec.Mvvm.Core\WalkingTec.Mvvm.Core.csproj", "{5FF462FC-FD3F-4321-BE59-DF206C9B78FB}"
EndProject
Project("{9A19103F-16F7-4668-BE54-9A1E7A4F7556}") = "WalkingTec.Mvvm.Mvc", "src\WalkingTec.Mvvm.Mvc\WalkingTec.Mvvm.Mvc.csproj", "{4207C275-FDCD-4681-AAAC-23228294EC27}"
EndProject
Project("{9A19103F-16F7-4668-BE54-9A1E7A4F7556}") = "WalkingTec.Mvvm.Demo", "demo\WalkingTec.Mvvm.Demo\WalkingTec.Mvvm.Demo.csproj", "{3B4F66AE-D208-4E51-BDD7-396FAF3226C4}"
EndProject
Project("{2150E333-8FDC-42A3-9474-1A3956D46DE8}") = "test", "test", "{55D5759D-10E9-4FC8-B2EC-A824CF6D74A1}"
EndProject
Project("{9A19103F-16F7-4668-BE54-9A1E7A4F7556}") = "WalkingTec.Mvvm.Core.Test", "test\WalkingTec.Mvvm.Core.Test\WalkingTec.Mvvm.Core.Test.csproj", "{72432B21-E5E4-4DD9-B062-8235FBF619D5}"
EndProject
Project("{9A19103F-16F7-4668-BE54-9A1E7A4F7556}") = "WalkingTec.Mvvm.Admin.Test", "test\WalkingTec.Mvvm.Admin.Test\WalkingTec.Mvvm.Admin.Test.csproj", "{B1A6773F-A9F2-42A6-806C-07B175AF4165}"
EndProject
Project("{9A19103F-16F7-4668-BE54-9A1E7A4F7556}") = "WalkingTec.Mvvm.ReactDemo", "demo\WalkingTec.Mvvm.ReactDemo\WalkingTec.Mvvm.ReactDemo.csproj", "{93064FB9-6CAB-46D0-9F17-154B9517429A}"
EndProject
Project("{9A19103F-16F7-4668-BE54-9A1E7A4F7556}") = "WalkingTec.Mvvm.VueDemo", "demo\WalkingTec.Mvvm.VueDemo\WalkingTec.Mvvm.VueDemo.csproj", "{D6A25BAD-2519-4594-953D-7A6F1311E5F3}"
EndProject
Project("{9A19103F-16F7-4668-BE54-9A1E7A4F7556}") = "WalkingTec.Mvvm.Test.Mock", "test\WalkingTec.Mvvm.Test.Mock\WalkingTec.Mvvm.Test.Mock.csproj", "{178F8F9C-2FA0-4FA7-A75B-B71B8253AB99}"
EndProject
Project("{2150E333-8FDC-42A3-9474-1A3956D46DE8}") = "BlazorDemo", "BlazorDemo", "{840C6DED-B5D5-4763-A6A7-6F615B72EC10}"
EndProject
Project("{9A19103F-16F7-4668-BE54-9A1E7A4F7556}") = "WalkingTec.Mvvm.BlazorDemo", "demo\WalkingTec.Mvvm.BlazorDemo\WalkingTec.Mvvm.BlazorDemo\WalkingTec.Mvvm.BlazorDemo.csproj", "{3C6BDF97-18A2-4AC1-9F1D-6C9E62FCE4C8}"
EndProject
Project("{9A19103F-16F7-4668-BE54-9A1E7A4F7556}") = "WalkingTec.Mvvm.BlazorDemo.Client", "demo\WalkingTec.Mvvm.BlazorDemo\WalkingTec.Mvvm.BlazorDemo.Client\WalkingTec.Mvvm.BlazorDemo.Client.csproj", "{F04FD9BA-448E-4024-9C39-3779D614A67E}"
EndProject
Project("{9A19103F-16F7-4668-BE54-9A1E7A4F7556}") = "WalkingTec.Mvvm.BlazorDemo.Shared", "demo\WalkingTec.Mvvm.BlazorDemo\WalkingTec.Mvvm.BlazorDemo.Shared\WalkingTec.Mvvm.BlazorDemo.Shared.csproj", "{D6C584E4-7330-4CD8-9ACC-CFFDC9DEEDD3}"
EndProject
Project("{9A19103F-16F7-4668-BE54-9A1E7A4F7556}") = "WalkingTec.Mvvm.ConsoleDemo", "demo\WalkingTec.Mvvm.ConsoleDemo\WalkingTec.Mvvm.ConsoleDemo.csproj", "{DFA81262-7D8B-4568-AB90-AED7922F45CA}"
EndProject
Project("{9A19103F-16F7-4668-BE54-9A1E7A4F7556}") = "WalkingTec.Mvvm.Demo.Test", "demo\WalkingTec.Mvvm.Demo.Test\WalkingTec.Mvvm.Demo.Test.csproj", "{D1363106-3DAB-4273-8750-05A96F9EFA9B}"
EndProject
Project("{9A19103F-16F7-4668-BE54-9A1E7A4F7556}") = "WalkingTec.Mvvm.BlazorDemo.Model", "demo\WalkingTec.Mvvm.BlazorDemo\WalkingTec.Mvvm.BlazorDemo.Model\WalkingTec.Mvvm.BlazorDemo.Model.csproj", "{341561A3-B563-4DFC-9EC5-702F85AAC174}"
EndProject
Project("{9A19103F-16F7-4668-BE54-9A1E7A4F7556}") = "WalkingTec.Mvvm.BlazorDemo.DataAccess", "demo\WalkingTec.Mvvm.BlazorDemo\WalkingTec.Mvvm.BlazorDemo.DataAccess\WalkingTec.Mvvm.BlazorDemo.DataAccess.csproj", "{94352C3E-899A-44A2-A052-578DC6A7159F}"
EndProject
Project("{9A19103F-16F7-4668-BE54-9A1E7A4F7556}") = "WalkingTec.Mvvm.BlazorDemo.ViewModel", "demo\WalkingTec.Mvvm.BlazorDemo\WalkingTec.Mvvm.BlazorDemo.ViewModel\WalkingTec.Mvvm.BlazorDemo.ViewModel.csproj", "{D4104589-85BE-446A-A123-1E0FD1538A7B}"
EndProject
Project("{9A19103F-16F7-4668-BE54-9A1E7A4F7556}") = "WalkingTec.Mvvm.BlazorDemo.Test", "demo\WalkingTec.Mvvm.BlazorDemo\WalkingTec.Mvvm.BlazorDemo.Test\WalkingTec.Mvvm.BlazorDemo.Test.csproj", "{22C2CB15-1537-47D2-86BF-A7FFEE3A0677}"
EndProject
Project("{9A19103F-16F7-4668-BE54-9A1E7A4F7556}") = "WalkingTec.Mvvm.Vue3Demo", "demo\WalkingTec.Mvvm.Vue3Demo\WalkingTec.Mvvm.Vue3Demo.csproj", "{411690A4-0021-4509-BF24-900437B5DC6E}"
EndProject
Global
	GlobalSection(SolutionConfigurationPlatforms) = preSolution
		Debug|Any CPU = Debug|Any CPU
		Release|Any CPU = Release|Any CPU
	EndGlobalSection
	GlobalSection(ProjectConfigurationPlatforms) = postSolution
		{0401952E-D2BB-40CB-9F1B-8008BB947631}.Debug|Any CPU.ActiveCfg = Debug|Any CPU
		{0401952E-D2BB-40CB-9F1B-8008BB947631}.Debug|Any CPU.Build.0 = Debug|Any CPU
		{0401952E-D2BB-40CB-9F1B-8008BB947631}.Release|Any CPU.ActiveCfg = Release|Any CPU
		{0401952E-D2BB-40CB-9F1B-8008BB947631}.Release|Any CPU.Build.0 = Release|Any CPU
		{5FF462FC-FD3F-4321-BE59-DF206C9B78FB}.Debug|Any CPU.ActiveCfg = Debug|Any CPU
		{5FF462FC-FD3F-4321-BE59-DF206C9B78FB}.Debug|Any CPU.Build.0 = Debug|Any CPU
		{5FF462FC-FD3F-4321-BE59-DF206C9B78FB}.Release|Any CPU.ActiveCfg = Release|Any CPU
		{5FF462FC-FD3F-4321-BE59-DF206C9B78FB}.Release|Any CPU.Build.0 = Release|Any CPU
		{4207C275-FDCD-4681-AAAC-23228294EC27}.Debug|Any CPU.ActiveCfg = Debug|Any CPU
		{4207C275-FDCD-4681-AAAC-23228294EC27}.Debug|Any CPU.Build.0 = Debug|Any CPU
		{4207C275-FDCD-4681-AAAC-23228294EC27}.Release|Any CPU.ActiveCfg = Release|Any CPU
		{4207C275-FDCD-4681-AAAC-23228294EC27}.Release|Any CPU.Build.0 = Release|Any CPU
		{3B4F66AE-D208-4E51-BDD7-396FAF3226C4}.Debug|Any CPU.ActiveCfg = Debug|Any CPU
		{3B4F66AE-D208-4E51-BDD7-396FAF3226C4}.Debug|Any CPU.Build.0 = Debug|Any CPU
		{3B4F66AE-D208-4E51-BDD7-396FAF3226C4}.Release|Any CPU.ActiveCfg = Release|Any CPU
		{3B4F66AE-D208-4E51-BDD7-396FAF3226C4}.Release|Any CPU.Build.0 = Release|Any CPU
		{72432B21-E5E4-4DD9-B062-8235FBF619D5}.Debug|Any CPU.ActiveCfg = Debug|Any CPU
		{72432B21-E5E4-4DD9-B062-8235FBF619D5}.Debug|Any CPU.Build.0 = Debug|Any CPU
		{72432B21-E5E4-4DD9-B062-8235FBF619D5}.Release|Any CPU.ActiveCfg = Release|Any CPU
		{72432B21-E5E4-4DD9-B062-8235FBF619D5}.Release|Any CPU.Build.0 = Release|Any CPU
		{B1A6773F-A9F2-42A6-806C-07B175AF4165}.Debug|Any CPU.ActiveCfg = Debug|Any CPU
		{B1A6773F-A9F2-42A6-806C-07B175AF4165}.Debug|Any CPU.Build.0 = Debug|Any CPU
		{B1A6773F-A9F2-42A6-806C-07B175AF4165}.Release|Any CPU.ActiveCfg = Release|Any CPU
		{B1A6773F-A9F2-42A6-806C-07B175AF4165}.Release|Any CPU.Build.0 = Release|Any CPU
		{93064FB9-6CAB-46D0-9F17-154B9517429A}.Debug|Any CPU.ActiveCfg = Debug|Any CPU
		{93064FB9-6CAB-46D0-9F17-154B9517429A}.Debug|Any CPU.Build.0 = Debug|Any CPU
		{93064FB9-6CAB-46D0-9F17-154B9517429A}.Release|Any CPU.ActiveCfg = Release|Any CPU
		{93064FB9-6CAB-46D0-9F17-154B9517429A}.Release|Any CPU.Build.0 = Release|Any CPU
		{D6A25BAD-2519-4594-953D-7A6F1311E5F3}.Debug|Any CPU.ActiveCfg = Debug|Any CPU
		{D6A25BAD-2519-4594-953D-7A6F1311E5F3}.Debug|Any CPU.Build.0 = Debug|Any CPU
		{D6A25BAD-2519-4594-953D-7A6F1311E5F3}.Release|Any CPU.ActiveCfg = Release|Any CPU
		{D6A25BAD-2519-4594-953D-7A6F1311E5F3}.Release|Any CPU.Build.0 = Release|Any CPU
		{178F8F9C-2FA0-4FA7-A75B-B71B8253AB99}.Debug|Any CPU.ActiveCfg = Debug|Any CPU
		{178F8F9C-2FA0-4FA7-A75B-B71B8253AB99}.Debug|Any CPU.Build.0 = Debug|Any CPU
		{178F8F9C-2FA0-4FA7-A75B-B71B8253AB99}.Release|Any CPU.ActiveCfg = Release|Any CPU
		{178F8F9C-2FA0-4FA7-A75B-B71B8253AB99}.Release|Any CPU.Build.0 = Release|Any CPU
		{3C6BDF97-18A2-4AC1-9F1D-6C9E62FCE4C8}.Debug|Any CPU.ActiveCfg = Debug|Any CPU
		{3C6BDF97-18A2-4AC1-9F1D-6C9E62FCE4C8}.Debug|Any CPU.Build.0 = Debug|Any CPU
		{3C6BDF97-18A2-4AC1-9F1D-6C9E62FCE4C8}.Release|Any CPU.ActiveCfg = Release|Any CPU
		{3C6BDF97-18A2-4AC1-9F1D-6C9E62FCE4C8}.Release|Any CPU.Build.0 = Release|Any CPU
		{F04FD9BA-448E-4024-9C39-3779D614A67E}.Debug|Any CPU.ActiveCfg = Debug|Any CPU
		{F04FD9BA-448E-4024-9C39-3779D614A67E}.Debug|Any CPU.Build.0 = Debug|Any CPU
		{F04FD9BA-448E-4024-9C39-3779D614A67E}.Release|Any CPU.ActiveCfg = Release|Any CPU
		{F04FD9BA-448E-4024-9C39-3779D614A67E}.Release|Any CPU.Build.0 = Release|Any CPU
		{D6C584E4-7330-4CD8-9ACC-CFFDC9DEEDD3}.Debug|Any CPU.ActiveCfg = Debug|Any CPU
		{D6C584E4-7330-4CD8-9ACC-CFFDC9DEEDD3}.Debug|Any CPU.Build.0 = Debug|Any CPU
		{D6C584E4-7330-4CD8-9ACC-CFFDC9DEEDD3}.Release|Any CPU.ActiveCfg = Release|Any CPU
		{D6C584E4-7330-4CD8-9ACC-CFFDC9DEEDD3}.Release|Any CPU.Build.0 = Release|Any CPU
		{DFA81262-7D8B-4568-AB90-AED7922F45CA}.Debug|Any CPU.ActiveCfg = Debug|Any CPU
		{DFA81262-7D8B-4568-AB90-AED7922F45CA}.Debug|Any CPU.Build.0 = Debug|Any CPU
		{DFA81262-7D8B-4568-AB90-AED7922F45CA}.Release|Any CPU.ActiveCfg = Release|Any CPU
		{DFA81262-7D8B-4568-AB90-AED7922F45CA}.Release|Any CPU.Build.0 = Release|Any CPU
		{D1363106-3DAB-4273-8750-05A96F9EFA9B}.Debug|Any CPU.ActiveCfg = Debug|Any CPU
		{D1363106-3DAB-4273-8750-05A96F9EFA9B}.Debug|Any CPU.Build.0 = Debug|Any CPU
		{D1363106-3DAB-4273-8750-05A96F9EFA9B}.Release|Any CPU.ActiveCfg = Release|Any CPU
		{D1363106-3DAB-4273-8750-05A96F9EFA9B}.Release|Any CPU.Build.0 = Release|Any CPU
		{341561A3-B563-4DFC-9EC5-702F85AAC174}.Debug|Any CPU.ActiveCfg = Debug|Any CPU
		{341561A3-B563-4DFC-9EC5-702F85AAC174}.Debug|Any CPU.Build.0 = Debug|Any CPU
		{341561A3-B563-4DFC-9EC5-702F85AAC174}.Release|Any CPU.ActiveCfg = Release|Any CPU
		{341561A3-B563-4DFC-9EC5-702F85AAC174}.Release|Any CPU.Build.0 = Release|Any CPU
		{94352C3E-899A-44A2-A052-578DC6A7159F}.Debug|Any CPU.ActiveCfg = Debug|Any CPU
		{94352C3E-899A-44A2-A052-578DC6A7159F}.Debug|Any CPU.Build.0 = Debug|Any CPU
		{94352C3E-899A-44A2-A052-578DC6A7159F}.Release|Any CPU.ActiveCfg = Release|Any CPU
		{94352C3E-899A-44A2-A052-578DC6A7159F}.Release|Any CPU.Build.0 = Release|Any CPU
		{D4104589-85BE-446A-A123-1E0FD1538A7B}.Debug|Any CPU.ActiveCfg = Debug|Any CPU
		{D4104589-85BE-446A-A123-1E0FD1538A7B}.Debug|Any CPU.Build.0 = Debug|Any CPU
		{D4104589-85BE-446A-A123-1E0FD1538A7B}.Release|Any CPU.ActiveCfg = Release|Any CPU
		{D4104589-85BE-446A-A123-1E0FD1538A7B}.Release|Any CPU.Build.0 = Release|Any CPU
		{22C2CB15-1537-47D2-86BF-A7FFEE3A0677}.Debug|Any CPU.ActiveCfg = Debug|Any CPU
		{22C2CB15-1537-47D2-86BF-A7FFEE3A0677}.Debug|Any CPU.Build.0 = Debug|Any CPU
		{22C2CB15-1537-47D2-86BF-A7FFEE3A0677}.Release|Any CPU.ActiveCfg = Release|Any CPU
		{22C2CB15-1537-47D2-86BF-A7FFEE3A0677}.Release|Any CPU.Build.0 = Release|Any CPU
		{411690A4-0021-4509-BF24-900437B5DC6E}.Debug|Any CPU.ActiveCfg = Debug|Any CPU
		{411690A4-0021-4509-BF24-900437B5DC6E}.Debug|Any CPU.Build.0 = Debug|Any CPU
		{411690A4-0021-4509-BF24-900437B5DC6E}.Release|Any CPU.ActiveCfg = Release|Any CPU
		{411690A4-0021-4509-BF24-900437B5DC6E}.Release|Any CPU.Build.0 = Release|Any CPU
	EndGlobalSection
	GlobalSection(SolutionProperties) = preSolution
		HideSolutionNode = FALSE
	EndGlobalSection
	GlobalSection(NestedProjects) = preSolution
		{0401952E-D2BB-40CB-9F1B-8008BB947631} = {46CFCDC6-4358-48EB-A901-5618B6530CEE}
		{5FF462FC-FD3F-4321-BE59-DF206C9B78FB} = {46CFCDC6-4358-48EB-A901-5618B6530CEE}
		{4207C275-FDCD-4681-AAAC-23228294EC27} = {46CFCDC6-4358-48EB-A901-5618B6530CEE}
		{3B4F66AE-D208-4E51-BDD7-396FAF3226C4} = {DE184A47-CF5F-41C0-AB7D-CAD0AF2DAE75}
		{72432B21-E5E4-4DD9-B062-8235FBF619D5} = {55D5759D-10E9-4FC8-B2EC-A824CF6D74A1}
		{B1A6773F-A9F2-42A6-806C-07B175AF4165} = {55D5759D-10E9-4FC8-B2EC-A824CF6D74A1}
		{93064FB9-6CAB-46D0-9F17-154B9517429A} = {DE184A47-CF5F-41C0-AB7D-CAD0AF2DAE75}
		{D6A25BAD-2519-4594-953D-7A6F1311E5F3} = {DE184A47-CF5F-41C0-AB7D-CAD0AF2DAE75}
		{178F8F9C-2FA0-4FA7-A75B-B71B8253AB99} = {55D5759D-10E9-4FC8-B2EC-A824CF6D74A1}
		{840C6DED-B5D5-4763-A6A7-6F615B72EC10} = {DE184A47-CF5F-41C0-AB7D-CAD0AF2DAE75}
		{3C6BDF97-18A2-4AC1-9F1D-6C9E62FCE4C8} = {840C6DED-B5D5-4763-A6A7-6F615B72EC10}
		{F04FD9BA-448E-4024-9C39-3779D614A67E} = {840C6DED-B5D5-4763-A6A7-6F615B72EC10}
		{D6C584E4-7330-4CD8-9ACC-CFFDC9DEEDD3} = {840C6DED-B5D5-4763-A6A7-6F615B72EC10}
		{DFA81262-7D8B-4568-AB90-AED7922F45CA} = {DE184A47-CF5F-41C0-AB7D-CAD0AF2DAE75}
		{D1363106-3DAB-4273-8750-05A96F9EFA9B} = {DE184A47-CF5F-41C0-AB7D-CAD0AF2DAE75}
		{341561A3-B563-4DFC-9EC5-702F85AAC174} = {840C6DED-B5D5-4763-A6A7-6F615B72EC10}
		{94352C3E-899A-44A2-A052-578DC6A7159F} = {840C6DED-B5D5-4763-A6A7-6F615B72EC10}
		{D4104589-85BE-446A-A123-1E0FD1538A7B} = {840C6DED-B5D5-4763-A6A7-6F615B72EC10}
		{22C2CB15-1537-47D2-86BF-A7FFEE3A0677} = {840C6DED-B5D5-4763-A6A7-6F615B72EC10}
		{411690A4-0021-4509-BF24-900437B5DC6E} = {DE184A47-CF5F-41C0-AB7D-CAD0AF2DAE75}
	EndGlobalSection
	GlobalSection(ExtensibilityGlobals) = postSolution
		SolutionGuid = {8D25EAAD-E43A-466A-95DA-ECE1F3C462DC}
	EndGlobalSection
EndGlobal
